
Microsoft Visual Studio Solution File, Format Version 12.00
# Visual Studio 15
VisualStudioVersion = 15.0.26228.9
MinimumVisualStudioVersion = 10.0.40219.1
Project("{FAE04EC0-301F-11D3-BF4B-00C04F79EFBC}") = "ConsoleApp2", "ConsoleApp2\ConsoleApp2.csproj", "{DBA40669-D9B8-49B8-BB62-0FEA40CCF237}"
EndProject
Global
	GlobalSection(SolutionConfigurationPlatforms) = preSolution
		Debug|Any CPU = Debug|Any CPU
		Release|Any CPU = Release|Any CPU
	EndGlobalSection
	GlobalSection(ProjectConfigurationPlatforms) = postSolution
		{DBA40669-D9B8-49B8-BB62-0FEA40CCF237}.Debug|Any CPU.ActiveCfg = Debug|Any CPU
		{DBA40669-D9B8-49B8-BB62-0FEA40CCF237}.Debug|Any CPU.Build.0 = Debug|Any CPU
		{DBA40669-D9B8-49B8-BB62-0FEA40CCF237}.Release|Any CPU.ActiveCfg = Release|Any CPU
		{DBA40669-D9B8-49B8-BB62-0FEA40CCF237}.Release|Any CPU.Build.0 = Release|Any CPU
	EndGlobalSection
	GlobalSection(SolutionProperties) = preSolution
		HideSolutionNode = FALSE
	EndGlobalSection
EndGlobal
